
Microsoft Visual Studio Solution File, Format Version 12.00
# Visual Studio 14
VisualStudioVersion = 14.0.25420.1
MinimumVisualStudioVersion = 10.0.40219.1
Project("{FAE04EC0-301F-11D3-BF4B-00C04F79EFBC}") = "CSharkClient", "Client\CSharkClient.csproj", "{5A730D42-1B4F-47B4-B914-248AC4EF8CF9}"
EndProject
Project("{FAE04EC0-301F-11D3-BF4B-00C04F79EFBC}") = "CSharkLibrary", "C:\Users\Htime\Documents\Visual Studio 2015\Projects\CSharkLibrary\CSharkLibrary\CSharkLibrary.csproj", "{33709FE8-AE38-4971-A384-A32E02685C2D}"
EndProject
Global
	GlobalSection(SolutionConfigurationPlatforms) = preSolution
		Debug|Any CPU = Debug|Any CPU
		Release|Any CPU = Release|Any CPU
	EndGlobalSection
	GlobalSection(ProjectConfigurationPlatforms) = postSolution
		{5A730D42-1B4F-47B4-B914-248AC4EF8CF9}.Debug|Any CPU.ActiveCfg = Debug|Any CPU
		{5A730D42-1B4F-47B4-B914-248AC4EF8CF9}.Debug|Any CPU.Build.0 = Debug|Any CPU
		{5A730D42-1B4F-47B4-B914-248AC4EF8CF9}.Release|Any CPU.ActiveCfg = Release|Any CPU
		{5A730D42-1B4F-47B4-B914-248AC4EF8CF9}.Release|Any CPU.Build.0 = Release|Any CPU
		{33709FE8-AE38-4971-A384-A32E02685C2D}.Debug|Any CPU.ActiveCfg = Debug|Any CPU
		{33709FE8-AE38-4971-A384-A32E02685C2D}.Debug|Any CPU.Build.0 = Debug|Any CPU
		{33709FE8-AE38-4971-A384-A32E02685C2D}.Release|Any CPU.ActiveCfg = Release|Any CPU
		{33709FE8-AE38-4971-A384-A32E02685C2D}.Release|Any CPU.Build.0 = Release|Any CPU
	EndGlobalSection
	GlobalSection(SolutionProperties) = preSolution
		HideSolutionNode = FALSE
	EndGlobalSection
EndGlobal
